// !$*UTF8*$!
{
	archiveVersion = 1;
	classes = {
	};
	objectVersion = 52;
	objects = {

/* Begin PBXBuildFile section */
		4167910C25B3636500F46F9E /* AppDelegate.swift in Sources */ = {isa = PBXBuildFile; fileRef = 4167910B25B3636500F46F9E /* AppDelegate.swift */; };
		4167910E25B3636500F46F9E /* SceneDelegate.swift in Sources */ = {isa = PBXBuildFile; fileRef = 4167910D25B3636500F46F9E /* SceneDelegate.swift */; };
		4167911025B3636500F46F9E /* ViewController.swift in Sources */ = {isa = PBXBuildFile; fileRef = 4167910F25B3636500F46F9E /* ViewController.swift */; };
		4167911325B3636500F46F9E /* Main.storyboard in Resources */ = {isa = PBXBuildFile; fileRef = 4167911125B3636500F46F9E /* Main.storyboard */; };
		4167911525B3636600F46F9E /* Assets.xcassets in Resources */ = {isa = PBXBuildFile; fileRef = 4167911425B3636600F46F9E /* Assets.xcassets */; };
		4167911825B3636600F46F9E /* LaunchScreen.storyboard in Resources */ = {isa = PBXBuildFile; fileRef = 4167911625B3636600F46F9E /* LaunchScreen.storyboard */; };
		4167912225B368B400F46F9E /* RoomViewController.swift in Sources */ = {isa = PBXBuildFile; fileRef = 4167912125B368B400F46F9E /* RoomViewController.swift */; };
		41A6A99225B4F74E00C5748A /* LiveKit in Frameworks */ = {isa = PBXBuildFile; productRef = 41A6A99125B4F74E00C5748A /* LiveKit */; };
/* End PBXBuildFile section */

/* Begin PBXFileReference section */
		4167910825B3636500F46F9E /* LKUIKitTest.app */ = {isa = PBXFileReference; explicitFileType = wrapper.application; includeInIndex = 0; path = LKUIKitTest.app; sourceTree = BUILT_PRODUCTS_DIR; };
		4167910B25B3636500F46F9E /* AppDelegate.swift */ = {isa = PBXFileReference; lastKnownFileType = sourcecode.swift; path = AppDelegate.swift; sourceTree = "<group>"; };
		4167910D25B3636500F46F9E /* SceneDelegate.swift */ = {isa = PBXFileReference; lastKnownFileType = sourcecode.swift; path = SceneDelegate.swift; sourceTree = "<group>"; };
		4167910F25B3636500F46F9E /* ViewController.swift */ = {isa = PBXFileReference; lastKnownFileType = sourcecode.swift; path = ViewController.swift; sourceTree = "<group>"; };
		4167911225B3636500F46F9E /* Base */ = {isa = PBXFileReference; lastKnownFileType = file.storyboard; name = Base; path = Base.lproj/Main.storyboard; sourceTree = "<group>"; };
		4167911425B3636600F46F9E /* Assets.xcassets */ = {isa = PBXFileReference; lastKnownFileType = folder.assetcatalog; path = Assets.xcassets; sourceTree = "<group>"; };
		4167911725B3636600F46F9E /* Base */ = {isa = PBXFileReference; lastKnownFileType = file.storyboard; name = Base; path = Base.lproj/LaunchScreen.storyboard; sourceTree = "<group>"; };
		4167911925B3636600F46F9E /* Info.plist */ = {isa = PBXFileReference; lastKnownFileType = text.plist.xml; path = Info.plist; sourceTree = "<group>"; };
		4167912125B368B400F46F9E /* RoomViewController.swift */ = {isa = PBXFileReference; lastKnownFileType = sourcecode.swift; path = RoomViewController.swift; sourceTree = "<group>"; };
/* End PBXFileReference section */

/* Begin PBXFrameworksBuildPhase section */
		4167910525B3636500F46F9E /* Frameworks */ = {
			isa = PBXFrameworksBuildPhase;
			buildActionMask = 2147483647;
			files = (
				41A6A99225B4F74E00C5748A /* LiveKit in Frameworks */,
			);
			runOnlyForDeploymentPostprocessing = 0;
		};
/* End PBXFrameworksBuildPhase section */

/* Begin PBXGroup section */
		416790FF25B3636500F46F9E = {
			isa = PBXGroup;
			children = (
				4167910A25B3636500F46F9E /* LKUIKitTest */,
				4167910925B3636500F46F9E /* Products */,
				41A6A99025B4F74E00C5748A /* Frameworks */,
			);
			sourceTree = "<group>";
		};
		4167910925B3636500F46F9E /* Products */ = {
			isa = PBXGroup;
			children = (
				4167910825B3636500F46F9E /* LKUIKitTest.app */,
			);
			name = Products;
			sourceTree = "<group>";
		};
		4167910A25B3636500F46F9E /* LKUIKitTest */ = {
			isa = PBXGroup;
			children = (
				4167910B25B3636500F46F9E /* AppDelegate.swift */,
				4167910D25B3636500F46F9E /* SceneDelegate.swift */,
				4167910F25B3636500F46F9E /* ViewController.swift */,
				4167911125B3636500F46F9E /* Main.storyboard */,
				4167911425B3636600F46F9E /* Assets.xcassets */,
				4167911625B3636600F46F9E /* LaunchScreen.storyboard */,
				4167911925B3636600F46F9E /* Info.plist */,
				4167912125B368B400F46F9E /* RoomViewController.swift */,
			);
			path = LKUIKitTest;
			sourceTree = "<group>";
		};
		41A6A99025B4F74E00C5748A /* Frameworks */ = {
			isa = PBXGroup;
			children = (
			);
			name = Frameworks;
			sourceTree = "<group>";
		};
/* End PBXGroup section */

/* Begin PBXNativeTarget section */
		4167910725B3636500F46F9E /* LKUIKitTest */ = {
			isa = PBXNativeTarget;
			buildConfigurationList = 4167911C25B3636600F46F9E /* Build configuration list for PBXNativeTarget "LKUIKitTest" */;
			buildPhases = (
				4167910425B3636500F46F9E /* Sources */,
				4167910525B3636500F46F9E /* Frameworks */,
				4167910625B3636500F46F9E /* Resources */,
			);
			buildRules = (
			);
			dependencies = (
			);
			name = LKUIKitTest;
			packageProductDependencies = (
				41A6A99125B4F74E00C5748A /* LiveKit */,
			);
			productName = LKUIKitTest;
			productReference = 4167910825B3636500F46F9E /* LKUIKitTest.app */;
			productType = "com.apple.product-type.application";
		};
/* End PBXNativeTarget section */

/* Begin PBXProject section */
		4167910025B3636500F46F9E /* Project object */ = {
			isa = PBXProject;
			attributes = {
				LastSwiftUpdateCheck = 1230;
				LastUpgradeCheck = 1230;
				TargetAttributes = {
					4167910725B3636500F46F9E = {
						CreatedOnToolsVersion = 12.3;
					};
				};
			};
			buildConfigurationList = 4167910325B3636500F46F9E /* Build configuration list for PBXProject "LKUIKitTest" */;
			compatibilityVersion = "Xcode 9.3";
			developmentRegion = en;
			hasScannedForEncodings = 0;
			knownRegions = (
				en,
				Base,
			);
			mainGroup = 416790FF25B3636500F46F9E;
			productRefGroup = 4167910925B3636500F46F9E /* Products */;
			projectDirPath = "";
			projectRoot = "";
			targets = (
				4167910725B3636500F46F9E /* LKUIKitTest */,
			);
		};
/* End PBXProject section */

/* Begin PBXResourcesBuildPhase section */
		4167910625B3636500F46F9E /* Resources */ = {
			isa = PBXResourcesBuildPhase;
			buildActionMask = 2147483647;
			files = (
				4167911825B3636600F46F9E /* LaunchScreen.storyboard in Resources */,
				4167911525B3636600F46F9E /* Assets.xcassets in Resources */,
				4167911325B3636500F46F9E /* Main.storyboard in Resources */,
			);
			runOnlyForDeploymentPostprocessing = 0;
		};
/* End PBXResourcesBuildPhase section */

/* Begin PBXSourcesBuildPhase section */
		4167910425B3636500F46F9E /* Sources */ = {
			isa = PBXSourcesBuildPhase;
			buildActionMask = 2147483647;
			files = (
				4167911025B3636500F46F9E /* ViewController.swift in Sources */,
				4167910C25B3636500F46F9E /* AppDelegate.swift in Sources */,
				4167910E25B3636500F46F9E /* SceneDelegate.swift in Sources */,
				4167912225B368B400F46F9E /* RoomViewController.swift in Sources */,
			);
			runOnlyForDeploymentPostprocessing = 0;
		};
/* End PBXSourcesBuildPhase section */

/* Begin PBXVariantGroup section */
		4167911125B3636500F46F9E /* Main.storyboard */ = {
			isa = PBXVariantGroup;
			children = (
				4167911225B3636500F46F9E /* Base */,
			);
			name = Main.storyboard;
			sourceTree = "<group>";
		};
		4167911625B3636600F46F9E /* LaunchScreen.storyboard */ = {
			isa = PBXVariantGroup;
			children = (
				4167911725B3636600F46F9E /* Base */,
			);
			name = LaunchScreen.storyboard;
			sourceTree = "<group>";
		};
/* End PBXVariantGroup section */

/* Begin XCBuildConfiguration section */
		4167911A25B3636600F46F9E /* Debug */ = {
			isa = XCBuildConfiguration;
			buildSettings = {
				ALWAYS_SEARCH_USER_PATHS = NO;
				CLANG_ANALYZER_NONNULL = YES;
				CLANG_ANALYZER_NUMBER_OBJECT_CONVERSION = YES_AGGRESSIVE;
				CLANG_CXX_LANGUAGE_STANDARD = "gnu++14";
				CLANG_CXX_LIBRARY = "libc++";
				CLANG_ENABLE_MODULES = YES;
				CLANG_ENABLE_OBJC_ARC = YES;
				CLANG_ENABLE_OBJC_WEAK = YES;
				CLANG_WARN_BLOCK_CAPTURE_AUTORELEASING = YES;
				CLANG_WARN_BOOL_CONVERSION = YES;
				CLANG_WARN_COMMA = YES;
				CLANG_WARN_CONSTANT_CONVERSION = YES;
				CLANG_WARN_DEPRECATED_OBJC_IMPLEMENTATIONS = YES;
				CLANG_WARN_DIRECT_OBJC_ISA_USAGE = YES_ERROR;
				CLANG_WARN_DOCUMENTATION_COMMENTS = YES;
				CLANG_WARN_EMPTY_BODY = YES;
				CLANG_WARN_ENUM_CONVERSION = YES;
				CLANG_WARN_INFINITE_RECURSION = YES;
				CLANG_WARN_INT_CONVERSION = YES;
				CLANG_WARN_NON_LITERAL_NULL_CONVERSION = YES;
				CLANG_WARN_OBJC_IMPLICIT_RETAIN_SELF = YES;
				CLANG_WARN_OBJC_LITERAL_CONVERSION = YES;
				CLANG_WARN_OBJC_ROOT_CLASS = YES_ERROR;
				CLANG_WARN_QUOTED_INCLUDE_IN_FRAMEWORK_HEADER = YES;
				CLANG_WARN_RANGE_LOOP_ANALYSIS = YES;
				CLANG_WARN_STRICT_PROTOTYPES = YES;
				CLANG_WARN_SUSPICIOUS_MOVE = YES;
				CLANG_WARN_UNGUARDED_AVAILABILITY = YES_AGGRESSIVE;
				CLANG_WARN_UNREACHABLE_CODE = YES;
				CLANG_WARN__DUPLICATE_METHOD_MATCH = YES;
				COPY_PHASE_STRIP = NO;
				DEBUG_INFORMATION_FORMAT = dwarf;
				ENABLE_STRICT_OBJC_MSGSEND = YES;
				ENABLE_TESTABILITY = YES;
				GCC_C_LANGUAGE_STANDARD = gnu11;
				GCC_DYNAMIC_NO_PIC = NO;
				GCC_NO_COMMON_BLOCKS = YES;
				GCC_OPTIMIZATION_LEVEL = 0;
				GCC_PREPROCESSOR_DEFINITIONS = (
					"DEBUG=1",
					"$(inherited)",
				);
				GCC_WARN_64_TO_32_BIT_CONVERSION = YES;
				GCC_WARN_ABOUT_RETURN_TYPE = YES_ERROR;
				GCC_WARN_UNDECLARED_SELECTOR = YES;
				GCC_WARN_UNINITIALIZED_AUTOS = YES_AGGRESSIVE;
				GCC_WARN_UNUSED_FUNCTION = YES;
				GCC_WARN_UNUSED_VARIABLE = YES;
				IPHONEOS_DEPLOYMENT_TARGET = 14.3;
				MTL_ENABLE_DEBUG_INFO = INCLUDE_SOURCE;
				MTL_FAST_MATH = YES;
				ONLY_ACTIVE_ARCH = YES;
				SDKROOT = iphoneos;
				SWIFT_ACTIVE_COMPILATION_CONDITIONS = DEBUG;
				SWIFT_OPTIMIZATION_LEVEL = "-Onone";
			};
			name = Debug;
		};
		4167911B25B3636600F46F9E /* Release */ = {
			isa = XCBuildConfiguration;
			buildSettings = {
				ALWAYS_SEARCH_USER_PATHS = NO;
				CLANG_ANALYZER_NONNULL = YES;
				CLANG_ANALYZER_NUMBER_OBJECT_CONVERSION = YES_AGGRESSIVE;
				CLANG_CXX_LANGUAGE_STANDARD = "gnu++14";
				CLANG_CXX_LIBRARY = "libc++";
				CLANG_ENABLE_MODULES = YES;
				CLANG_ENABLE_OBJC_ARC = YES;
				CLANG_ENABLE_OBJC_WEAK = YES;
				CLANG_WARN_BLOCK_CAPTURE_AUTORELEASING = YES;
				CLANG_WARN_BOOL_CONVERSION = YES;
				CLANG_WARN_COMMA = YES;
				CLANG_WARN_CONSTANT_CONVERSION = YES;
				CLANG_WARN_DEPRECATED_OBJC_IMPLEMENTATIONS = YES;
				CLANG_WARN_DIRECT_OBJC_ISA_USAGE = YES_ERROR;
				CLANG_WARN_DOCUMENTATION_COMMENTS = YES;
				CLANG_WARN_EMPTY_BODY = YES;
				CLANG_WARN_ENUM_CONVERSION = YES;
				CLANG_WARN_INFINITE_RECURSION = YES;
				CLANG_WARN_INT_CONVERSION = YES;
				CLANG_WARN_NON_LITERAL_NULL_CONVERSION = YES;
				CLANG_WARN_OBJC_IMPLICIT_RETAIN_SELF = YES;
				CLANG_WARN_OBJC_LITERAL_CONVERSION = YES;
				CLANG_WARN_OBJC_ROOT_CLASS = YES_ERROR;
				CLANG_WARN_QUOTED_INCLUDE_IN_FRAMEWORK_HEADER = YES;
				CLANG_WARN_RANGE_LOOP_ANALYSIS = YES;
				CLANG_WARN_STRICT_PROTOTYPES = YES;
				CLANG_WARN_SUSPICIOUS_MOVE = YES;
				CLANG_WARN_UNGUARDED_AVAILABILITY = YES_AGGRESSIVE;
				CLANG_WARN_UNREACHABLE_CODE = YES;
				CLANG_WARN__DUPLICATE_METHOD_MATCH = YES;
				COPY_PHASE_STRIP = NO;
				DEBUG_INFORMATION_FORMAT = "dwarf-with-dsym";
				ENABLE_NS_ASSERTIONS = NO;
				ENABLE_STRICT_OBJC_MSGSEND = YES;
				GCC_C_LANGUAGE_STANDARD = gnu11;
				GCC_NO_COMMON_BLOCKS = YES;
				GCC_WARN_64_TO_32_BIT_CONVERSION = YES;
				GCC_WARN_ABOUT_RETURN_TYPE = YES_ERROR;
				GCC_WARN_UNDECLARED_SELECTOR = YES;
				GCC_WARN_UNINITIALIZED_AUTOS = YES_AGGRESSIVE;
				GCC_WARN_UNUSED_FUNCTION = YES;
				GCC_WARN_UNUSED_VARIABLE = YES;
				IPHONEOS_DEPLOYMENT_TARGET = 14.3;
				MTL_ENABLE_DEBUG_INFO = NO;
				MTL_FAST_MATH = YES;
				SDKROOT = iphoneos;
				SWIFT_COMPILATION_MODE = wholemodule;
				SWIFT_OPTIMIZATION_LEVEL = "-O";
				VALIDATE_PRODUCT = YES;
			};
			name = Release;
		};
		4167911D25B3636600F46F9E /* Debug */ = {
			isa = XCBuildConfiguration;
			buildSettings = {
				ASSETCATALOG_COMPILER_APPICON_NAME = AppIcon;
				ASSETCATALOG_COMPILER_GLOBAL_ACCENT_COLOR_NAME = AccentColor;
				CODE_SIGN_STYLE = Automatic;
				DEVELOPMENT_TEAM = Q6JPLKVK97;
				ENABLE_BITCODE = NO;
				INFOPLIST_FILE = LKUIKitTest/Info.plist;
				LD_RUNPATH_SEARCH_PATHS = (
					"$(inherited)",
					"@executable_path/Frameworks",
				);
				PRODUCT_BUNDLE_IDENTIFIER = com.skullbocks.LKUIKitTest;
				PRODUCT_NAME = "$(TARGET_NAME)";
				SWIFT_VERSION = 5.0;
				TARGETED_DEVICE_FAMILY = "1,2";
			};
			name = Debug;
		};
		4167911E25B3636600F46F9E /* Release */ = {
			isa = XCBuildConfiguration;
			buildSettings = {
				ASSETCATALOG_COMPILER_APPICON_NAME = AppIcon;
				ASSETCATALOG_COMPILER_GLOBAL_ACCENT_COLOR_NAME = AccentColor;
				CODE_SIGN_STYLE = Automatic;
				DEVELOPMENT_TEAM = Q6JPLKVK97;
				ENABLE_BITCODE = NO;
				INFOPLIST_FILE = LKUIKitTest/Info.plist;
				LD_RUNPATH_SEARCH_PATHS = (
					"$(inherited)",
					"@executable_path/Frameworks",
				);
				PRODUCT_BUNDLE_IDENTIFIER = com.skullbocks.LKUIKitTest;
				PRODUCT_NAME = "$(TARGET_NAME)";
				SWIFT_VERSION = 5.0;
				TARGETED_DEVICE_FAMILY = "1,2";
			};
			name = Release;
		};
/* End XCBuildConfiguration section */

/* Begin XCConfigurationList section */
		4167910325B3636500F46F9E /* Build configuration list for PBXProject "LKUIKitTest" */ = {
			isa = XCConfigurationList;
			buildConfigurations = (
				4167911A25B3636600F46F9E /* Debug */,
				4167911B25B3636600F46F9E /* Release */,
			);
			defaultConfigurationIsVisible = 0;
			defaultConfigurationName = Release;
		};
		4167911C25B3636600F46F9E /* Build configuration list for PBXNativeTarget "LKUIKitTest" */ = {
			isa = XCConfigurationList;
			buildConfigurations = (
				4167911D25B3636600F46F9E /* Debug */,
				4167911E25B3636600F46F9E /* Release */,
			);
			defaultConfigurationIsVisible = 0;
			defaultConfigurationName = Release;
		};
/* End XCConfigurationList section */

/* Begin XCSwiftPackageProductDependency section */
		41A6A99125B4F74E00C5748A /* LiveKit */ = {
			isa = XCSwiftPackageProductDependency;
			productName = LiveKit;
		};
/* End XCSwiftPackageProductDependency section */
	};
	rootObject = 4167910025B3636500F46F9E /* Project object */;
}
