{
  "object": {
    "pins": [
      {
        "package": "LiveKit",
        "repositoryURL": "https://github.com/livekit/client-sdk-ios",
        "state": {
          "branch": null,
          "revision": "bc5bc3c48278fff5034d184081d715dceaa7a05c",
          "version": "0.8.2"
        }
      },
      {
        "package": "Promises",
        "repositoryURL": "https://github.com/google/promises.git",
        "state": {
          "branch": null,
          "revision": "afa9a1ace74e116848d4f743599ab83e584ff8cb",
          "version": "1.2.12"
        }
      },
      {
        "package": "swift-log",
        "repositoryURL": "https://github.com/apple/swift-log.git",
        "state": {
          "branch": null,
          "revision": "5d66f7ba25daf4f94100e7022febf3c75e37a6c7",
          "version": "1.4.2"
        }
      },
      {
        "package": "SwiftProtobuf",
        "repositoryURL": "https://github.com/apple/swift-protobuf.git",
        "state": {
          "branch": null,
          "revision": "7e2c5f3cbbeea68e004915e3a8961e20bd11d824",
          "version": "1.18.0"
        }
      },
      {
        "package": "WebRTC",
        "repositoryURL": "https://github.com/livekit/WebRTC-swift.git",
        "state": {
          "branch": null,
          "revision": "58ee993cc6995bdfab3b92028c58d0fa10bc91b0",
          "version": "2.91.0"
        }
      }
    ]
  },
  "version": 1
}
